
Microsoft Visual Studio Solution File, Format Version 12.00
# Visual Studio 15
VisualStudioVersion = 15.0.28307.572
MinimumVisualStudioVersion = 10.0.40219.1
Project("{8BC9CEB8-8B4A-11D0-8D11-00A0C91BC942}") = "Parser", "Parser\Parser.vcxproj", "{7E5DAC98-DCFD-4DCA-B1BC-799540DC4E5E}"
EndProject
Global
	GlobalSection(SolutionConfigurationPlatforms) = preSolution
		Debug|x64 = Debug|x64
		Debug|x86 = Debug|x86
		Release|x64 = Release|x64
		Release|x86 = Release|x86
	EndGlobalSection
	GlobalSection(ProjectConfigurationPlatforms) = postSolution
		{7E5DAC98-DCFD-4DCA-B1BC-799540DC4E5E}.Debug|x64.ActiveCfg = Debug|x64
		{7E5DAC98-DCFD-4DCA-B1BC-799540DC4E5E}.Debug|x64.Build.0 = Debug|x64
		{7E5DAC98-DCFD-4DCA-B1BC-799540DC4E5E}.Debug|x86.ActiveCfg = Debug|Win32
		{7E5DAC98-DCFD-4DCA-B1BC-799540DC4E5E}.Debug|x86.Build.0 = Debug|Win32
		{7E5DAC98-DCFD-4DCA-B1BC-799540DC4E5E}.Release|x64.ActiveCfg = Release|x64
		{7E5DAC98-DCFD-4DCA-B1BC-799540DC4E5E}.Release|x64.Build.0 = Release|x64
		{7E5DAC98-DCFD-4DCA-B1BC-799540DC4E5E}.Release|x86.ActiveCfg = Release|Win32
		{7E5DAC98-DCFD-4DCA-B1BC-799540DC4E5E}.Release|x86.Build.0 = Release|Win32
	EndGlobalSection
	GlobalSection(SolutionProperties) = preSolution
		HideSolutionNode = FALSE
	EndGlobalSection
	GlobalSection(ExtensibilityGlobals) = postSolution
		SolutionGuid = {83EA08C6-ED23-4236-9A1A-A24F5CBB5495}
	EndGlobalSection
EndGlobal
